
Microsoft Visual Studio Solution File, Format Version 12.00
# Visual Studio 14
VisualStudioVersion = 14.0.25123.0
MinimumVisualStudioVersion = 10.0.40219.1
Project("{FAE04EC0-301F-11D3-BF4B-00C04F79EFBC}") = "XMLREADER", "XMLREADER\XMLREADER.csproj", "{568AAE66-3AD3-40A9-B8F7-B88CC157DDFC}"
EndProject
Project("{FAE04EC0-301F-11D3-BF4B-00C04F79EFBC}") = "XMLREADERTESTS", "XMLREADERTESTS\XMLREADERTESTS.csproj", "{F237B0E9-F5F1-49BB-8928-E4F8F727E69F}"
EndProject
Global
	GlobalSection(SolutionConfigurationPlatforms) = preSolution
		Debug|Any CPU = Debug|Any CPU
		Release|Any CPU = Release|Any CPU
	EndGlobalSection
	GlobalSection(ProjectConfigurationPlatforms) = postSolution
		{568AAE66-3AD3-40A9-B8F7-B88CC157DDFC}.Debug|Any CPU.ActiveCfg = Debug|Any CPU
		{568AAE66-3AD3-40A9-B8F7-B88CC157DDFC}.Debug|Any CPU.Build.0 = Debug|Any CPU
		{568AAE66-3AD3-40A9-B8F7-B88CC157DDFC}.Release|Any CPU.ActiveCfg = Release|Any CPU
		{568AAE66-3AD3-40A9-B8F7-B88CC157DDFC}.Release|Any CPU.Build.0 = Release|Any CPU
		{F237B0E9-F5F1-49BB-8928-E4F8F727E69F}.Debug|Any CPU.ActiveCfg = Debug|Any CPU
		{F237B0E9-F5F1-49BB-8928-E4F8F727E69F}.Debug|Any CPU.Build.0 = Debug|Any CPU
		{F237B0E9-F5F1-49BB-8928-E4F8F727E69F}.Release|Any CPU.ActiveCfg = Release|Any CPU
		{F237B0E9-F5F1-49BB-8928-E4F8F727E69F}.Release|Any CPU.Build.0 = Release|Any CPU
	EndGlobalSection
	GlobalSection(SolutionProperties) = preSolution
		HideSolutionNode = FALSE
	EndGlobalSection
EndGlobal
